
Microsoft Visual Studio Solution File, Format Version 12.00
# Visual Studio Version 17
VisualStudioVersion = 17.8.34330.188
MinimumVisualStudioVersion = 10.0.40219.1
Project("{2150E333-8FDC-42A3-9474-1A3956D46DE8}") = "Domain", "Domain", "{4F25D32A-1B8C-42CA-9572-23A6604813B4}"
EndProject
Project("{2150E333-8FDC-42A3-9474-1A3956D46DE8}") = "Infrast.Bus", "Infrast.Bus", "{6DC11ABC-2938-48B3-B422-B645729E5160}"
EndProject
Project("{2150E333-8FDC-42A3-9474-1A3956D46DE8}") = "Infrast.IoC", "Infrast.IoC", "{5D75361A-D5D0-4B40-A8BF-CD8A0D35F562}"
EndProject
Project("{2150E333-8FDC-42A3-9474-1A3956D46DE8}") = "Microservices", "Microservices", "{C9D60960-B5A6-4B00-9C00-C79DE05553E5}"
EndProject
Project("{2150E333-8FDC-42A3-9474-1A3956D46DE8}") = "Presentation", "Presentation", "{0EBE2E2A-2FA7-46B6-9292-A888B1A262B2}"
EndProject
Global
	GlobalSection(SolutionProperties) = preSolution
		HideSolutionNode = FALSE
	EndGlobalSection
	GlobalSection(ExtensibilityGlobals) = postSolution
		SolutionGuid = {52BBFC95-A718-450B-ABDC-217D927A1521}
	EndGlobalSection
EndGlobal
